// !$*UTF8*$!
{
	archiveVersion = 1;
	classes = {
	};
	objectVersion = 46;
	objects = {

/* Begin PBXBuildFile section */
		900272EE1A2CA297006B093A /* PMKAppSettings.m in Sources */ = {isa = PBXBuildFile; fileRef = 900272ED1A2CA297006B093A /* PMKAppSettings.m */; };
		9034EBEC1A28BF1B006A429C /* twarz_1@2x.png in Resources */ = {isa = PBXBuildFile; fileRef = 9034EBE81A28BF1B006A429C /* twarz_1@2x.png */; };
		9034EBED1A28BF1B006A429C /* twarz_2@2x.png in Resources */ = {isa = PBXBuildFile; fileRef = 9034EBE91A28BF1B006A429C /* twarz_2@2x.png */; };
		9034EBEE1A28BF1B006A429C /* twarz_3@2x.png in Resources */ = {isa = PBXBuildFile; fileRef = 9034EBEA1A28BF1B006A429C /* twarz_3@2x.png */; };
		9034EBEF1A28BF1B006A429C /* twarz_4@2x.png in Resources */ = {isa = PBXBuildFile; fileRef = 9034EBEB1A28BF1B006A429C /* twarz_4@2x.png */; };
		9034EBF41A28C440006A429C /* PMKThanksViewController.m in Sources */ = {isa = PBXBuildFile; fileRef = 9034EBF31A28C440006A429C /* PMKThanksViewController.m */; };
		9034EBF71A28C58B006A429C /* reload3@2x.png in Resources */ = {isa = PBXBuildFile; fileRef = 9034EBF61A28C58B006A429C /* reload3@2x.png */; };
		9034EBFA1A28C60B006A429C /* PMKAwaitingStuffViewController.m in Sources */ = {isa = PBXBuildFile; fileRef = 9034EBF91A28C60B006A429C /* PMKAwaitingStuffViewController.m */; };
		9034EBFC1A28C7D2006A429C /* Lato-Light.ttf in Resources */ = {isa = PBXBuildFile; fileRef = 9034EBFB1A28C7D2006A429C /* Lato-Light.ttf */; };
		903B58EC1A2C70BD00927386 /* PMKDataPreviewViewController.m in Sources */ = {isa = PBXBuildFile; fileRef = 903B58EB1A2C70BD00927386 /* PMKDataPreviewViewController.m */; };
		903B58EF1A2C73D200927386 /* PMKDataWriterReader.m in Sources */ = {isa = PBXBuildFile; fileRef = 903B58EE1A2C73D200927386 /* PMKDataWriterReader.m */; };
		907B7A721A21F04F00E0845A /* main.m in Sources */ = {isa = PBXBuildFile; fileRef = 907B7A711A21F04F00E0845A /* main.m */; };
		907B7A751A21F04F00E0845A /* AppDelegate.m in Sources */ = {isa = PBXBuildFile; fileRef = 907B7A741A21F04F00E0845A /* AppDelegate.m */; };
		907B7A781A21F04F00E0845A /* PRSRateViewController.m in Sources */ = {isa = PBXBuildFile; fileRef = 907B7A771A21F04F00E0845A /* PRSRateViewController.m */; };
		907B7A7B1A21F04F00E0845A /* Main.storyboard in Resources */ = {isa = PBXBuildFile; fileRef = 907B7A791A21F04F00E0845A /* Main.storyboard */; };
		907B7A7D1A21F04F00E0845A /* Images.xcassets in Resources */ = {isa = PBXBuildFile; fileRef = 907B7A7C1A21F04F00E0845A /* Images.xcassets */; };
		907B7A801A21F04F00E0845A /* LaunchScreen.xib in Resources */ = {isa = PBXBuildFile; fileRef = 907B7A7E1A21F04F00E0845A /* LaunchScreen.xib */; };
		907B7A8C1A21F04F00E0845A /* KrakSpotAppTests.m in Sources */ = {isa = PBXBuildFile; fileRef = 907B7A8B1A21F04F00E0845A /* KrakSpotAppTests.m */; };
		907B7A971A21F9BF00E0845A /* PRSStyleSheet.m in Sources */ = {isa = PBXBuildFile; fileRef = 907B7A961A21F9BF00E0845A /* PRSStyleSheet.m */; };
/* End PBXBuildFile section */

/* Begin PBXContainerItemProxy section */
		907B7A861A21F04F00E0845A /* PBXContainerItemProxy */ = {
			isa = PBXContainerItemProxy;
			containerPortal = 907B7A641A21F04E00E0845A /* Project object */;
			proxyType = 1;
			remoteGlobalIDString = 907B7A6B1A21F04E00E0845A;
			remoteInfo = KrakSpotApp;
		};
/* End PBXContainerItemProxy section */

/* Begin PBXFileReference section */
		900272EC1A2CA297006B093A /* PMKAppSettings.h */ = {isa = PBXFileReference; fileEncoding = 4; lastKnownFileType = sourcecode.c.h; name = PMKAppSettings.h; path = Code/Utils/PMKAppSettings.h; sourceTree = "<group>"; };
		900272ED1A2CA297006B093A /* PMKAppSettings.m */ = {isa = PBXFileReference; fileEncoding = 4; lastKnownFileType = sourcecode.c.objc; name = PMKAppSettings.m; path = Code/Utils/PMKAppSettings.m; sourceTree = "<group>"; };
		9034EBE81A28BF1B006A429C /* twarz_1@2x.png */ = {isa = PBXFileReference; lastKnownFileType = image.png; name = "twarz_1@2x.png"; path = "Resources/Images/twarz_1@2x.png"; sourceTree = "<group>"; };
		9034EBE91A28BF1B006A429C /* twarz_2@2x.png */ = {isa = PBXFileReference; lastKnownFileType = image.png; name = "twarz_2@2x.png"; path = "Resources/Images/twarz_2@2x.png"; sourceTree = "<group>"; };
		9034EBEA1A28BF1B006A429C /* twarz_3@2x.png */ = {isa = PBXFileReference; lastKnownFileType = image.png; name = "twarz_3@2x.png"; path = "Resources/Images/twarz_3@2x.png"; sourceTree = "<group>"; };
		9034EBEB1A28BF1B006A429C /* twarz_4@2x.png */ = {isa = PBXFileReference; lastKnownFileType = image.png; name = "twarz_4@2x.png"; path = "Resources/Images/twarz_4@2x.png"; sourceTree = "<group>"; };
		9034EBF21A28C440006A429C /* PMKThanksViewController.h */ = {isa = PBXFileReference; fileEncoding = 4; lastKnownFileType = sourcecode.c.h; name = PMKThanksViewController.h; path = Code/Controllers/PMKThanksViewController.h; sourceTree = "<group>"; };
		9034EBF31A28C440006A429C /* PMKThanksViewController.m */ = {isa = PBXFileReference; fileEncoding = 4; lastKnownFileType = sourcecode.c.objc; name = PMKThanksViewController.m; path = Code/Controllers/PMKThanksViewController.m; sourceTree = "<group>"; };
		9034EBF61A28C58B006A429C /* reload3@2x.png */ = {isa = PBXFileReference; lastKnownFileType = image.png; name = "reload3@2x.png"; path = "Resources/Images/reload3@2x.png"; sourceTree = "<group>"; };
		9034EBF81A28C60B006A429C /* PMKAwaitingStuffViewController.h */ = {isa = PBXFileReference; fileEncoding = 4; lastKnownFileType = sourcecode.c.h; name = PMKAwaitingStuffViewController.h; path = Code/Controllers/PMKAwaitingStuffViewController.h; sourceTree = "<group>"; };
		9034EBF91A28C60B006A429C /* PMKAwaitingStuffViewController.m */ = {isa = PBXFileReference; fileEncoding = 4; lastKnownFileType = sourcecode.c.objc; name = PMKAwaitingStuffViewController.m; path = Code/Controllers/PMKAwaitingStuffViewController.m; sourceTree = "<group>"; };
		9034EBFB1A28C7D2006A429C /* Lato-Light.ttf */ = {isa = PBXFileReference; lastKnownFileType = file; name = "Lato-Light.ttf"; path = "Resources/Lato-Light.ttf"; sourceTree = "<group>"; };
		903B58EA1A2C70BD00927386 /* PMKDataPreviewViewController.h */ = {isa = PBXFileReference; fileEncoding = 4; lastKnownFileType = sourcecode.c.h; name = PMKDataPreviewViewController.h; path = Code/Controllers/PMKDataPreviewViewController.h; sourceTree = "<group>"; };
		903B58EB1A2C70BD00927386 /* PMKDataPreviewViewController.m */ = {isa = PBXFileReference; fileEncoding = 4; lastKnownFileType = sourcecode.c.objc; name = PMKDataPreviewViewController.m; path = Code/Controllers/PMKDataPreviewViewController.m; sourceTree = "<group>"; };
		903B58ED1A2C73D200927386 /* PMKDataWriterReader.h */ = {isa = PBXFileReference; fileEncoding = 4; lastKnownFileType = sourcecode.c.h; name = PMKDataWriterReader.h; path = Code/Utils/PMKDataWriterReader.h; sourceTree = "<group>"; };
		903B58EE1A2C73D200927386 /* PMKDataWriterReader.m */ = {isa = PBXFileReference; fileEncoding = 4; lastKnownFileType = sourcecode.c.objc; name = PMKDataWriterReader.m; path = Code/Utils/PMKDataWriterReader.m; sourceTree = "<group>"; };
		907B7A6C1A21F04E00E0845A /* KrakSpotApp.app */ = {isa = PBXFileReference; explicitFileType = wrapper.application; includeInIndex = 0; path = KrakSpotApp.app; sourceTree = BUILT_PRODUCTS_DIR; };
		907B7A701A21F04F00E0845A /* Info.plist */ = {isa = PBXFileReference; lastKnownFileType = text.plist.xml; path = Info.plist; sourceTree = "<group>"; };
		907B7A711A21F04F00E0845A /* main.m */ = {isa = PBXFileReference; lastKnownFileType = sourcecode.c.objc; path = main.m; sourceTree = "<group>"; };
		907B7A731A21F04F00E0845A /* AppDelegate.h */ = {isa = PBXFileReference; lastKnownFileType = sourcecode.c.h; path = AppDelegate.h; sourceTree = "<group>"; };
		907B7A741A21F04F00E0845A /* AppDelegate.m */ = {isa = PBXFileReference; lastKnownFileType = sourcecode.c.objc; path = AppDelegate.m; sourceTree = "<group>"; };
		907B7A761A21F04F00E0845A /* PRSRateViewController.h */ = {isa = PBXFileReference; lastKnownFileType = sourcecode.c.h; path = PRSRateViewController.h; sourceTree = "<group>"; };
		907B7A771A21F04F00E0845A /* PRSRateViewController.m */ = {isa = PBXFileReference; lastKnownFileType = sourcecode.c.objc; path = PRSRateViewController.m; sourceTree = "<group>"; };
		907B7A7A1A21F04F00E0845A /* Base */ = {isa = PBXFileReference; lastKnownFileType = file.storyboard; name = Base; path = Base.lproj/Main.storyboard; sourceTree = "<group>"; };
		907B7A7C1A21F04F00E0845A /* Images.xcassets */ = {isa = PBXFileReference; lastKnownFileType = folder.assetcatalog; path = Images.xcassets; sourceTree = "<group>"; };
		907B7A7F1A21F04F00E0845A /* Base */ = {isa = PBXFileReference; lastKnownFileType = file.xib; name = Base; path = Base.lproj/LaunchScreen.xib; sourceTree = "<group>"; };
		907B7A851A21F04F00E0845A /* KrakSpotAppTests.xctest */ = {isa = PBXFileReference; explicitFileType = wrapper.cfbundle; includeInIndex = 0; path = KrakSpotAppTests.xctest; sourceTree = BUILT_PRODUCTS_DIR; };
		907B7A8A1A21F04F00E0845A /* Info.plist */ = {isa = PBXFileReference; lastKnownFileType = text.plist.xml; path = Info.plist; sourceTree = "<group>"; };
		907B7A8B1A21F04F00E0845A /* KrakSpotAppTests.m */ = {isa = PBXFileReference; lastKnownFileType = sourcecode.c.objc; path = KrakSpotAppTests.m; sourceTree = "<group>"; };
		907B7A951A21F9BF00E0845A /* PRSStyleSheet.h */ = {isa = PBXFileReference; fileEncoding = 4; lastKnownFileType = sourcecode.c.h; name = PRSStyleSheet.h; path = Code/Utils/PRSStyleSheet.h; sourceTree = "<group>"; };
		907B7A961A21F9BF00E0845A /* PRSStyleSheet.m */ = {isa = PBXFileReference; fileEncoding = 4; lastKnownFileType = sourcecode.c.objc; name = PRSStyleSheet.m; path = Code/Utils/PRSStyleSheet.m; sourceTree = "<group>"; };
/* End PBXFileReference section */

/* Begin PBXFrameworksBuildPhase section */
		907B7A691A21F04E00E0845A /* Frameworks */ = {
			isa = PBXFrameworksBuildPhase;
			buildActionMask = 2147483647;
			files = (
			);
			runOnlyForDeploymentPostprocessing = 0;
		};
		907B7A821A21F04F00E0845A /* Frameworks */ = {
			isa = PBXFrameworksBuildPhase;
			buildActionMask = 2147483647;
			files = (
			);
			runOnlyForDeploymentPostprocessing = 0;
		};
/* End PBXFrameworksBuildPhase section */

/* Begin PBXGroup section */
		9034EBF01A28BF20006A429C /* Resources */ = {
			isa = PBXGroup;
			children = (
				9034EBFB1A28C7D2006A429C /* Lato-Light.ttf */,
				9034EBF11A28BF28006A429C /* Images */,
			);
			name = Resources;
			sourceTree = "<group>";
		};
		9034EBF11A28BF28006A429C /* Images */ = {
			isa = PBXGroup;
			children = (
				9034EBF61A28C58B006A429C /* reload3@2x.png */,
				9034EBE81A28BF1B006A429C /* twarz_1@2x.png */,
				9034EBE91A28BF1B006A429C /* twarz_2@2x.png */,
				9034EBEA1A28BF1B006A429C /* twarz_3@2x.png */,
				9034EBEB1A28BF1B006A429C /* twarz_4@2x.png */,
			);
			name = Images;
			sourceTree = "<group>";
		};
		9034EBF51A28C444006A429C /* Controllers */ = {
			isa = PBXGroup;
			children = (
				907B7A761A21F04F00E0845A /* PRSRateViewController.h */,
				907B7A771A21F04F00E0845A /* PRSRateViewController.m */,
				9034EBF21A28C440006A429C /* PMKThanksViewController.h */,
				9034EBF31A28C440006A429C /* PMKThanksViewController.m */,
				9034EBF81A28C60B006A429C /* PMKAwaitingStuffViewController.h */,
				9034EBF91A28C60B006A429C /* PMKAwaitingStuffViewController.m */,
				903B58EA1A2C70BD00927386 /* PMKDataPreviewViewController.h */,
				903B58EB1A2C70BD00927386 /* PMKDataPreviewViewController.m */,
			);
			name = Controllers;
			sourceTree = "<group>";
		};
		907B7A631A21F04E00E0845A = {
			isa = PBXGroup;
			children = (
				907B7A6E1A21F04E00E0845A /* KrakSpotApp */,
				907B7A881A21F04F00E0845A /* KrakSpotAppTests */,
				907B7A6D1A21F04E00E0845A /* Products */,
			);
			sourceTree = "<group>";
		};
		907B7A6D1A21F04E00E0845A /* Products */ = {
			isa = PBXGroup;
			children = (
				907B7A6C1A21F04E00E0845A /* KrakSpotApp.app */,
				907B7A851A21F04F00E0845A /* KrakSpotAppTests.xctest */,
			);
			name = Products;
			sourceTree = "<group>";
		};
		907B7A6E1A21F04E00E0845A /* KrakSpotApp */ = {
			isa = PBXGroup;
			children = (
				907B7A981A21F9C500E0845A /* Code */,
				907B7A7C1A21F04F00E0845A /* Images.xcassets */,
				9034EBF01A28BF20006A429C /* Resources */,
				907B7A6F1A21F04E00E0845A /* Supporting Files */,
			);
			path = KrakSpotApp;
			sourceTree = "<group>";
		};
		907B7A6F1A21F04E00E0845A /* Supporting Files */ = {
			isa = PBXGroup;
			children = (
				907B7A701A21F04F00E0845A /* Info.plist */,
				907B7A711A21F04F00E0845A /* main.m */,
			);
			name = "Supporting Files";
			sourceTree = "<group>";
		};
		907B7A881A21F04F00E0845A /* KrakSpotAppTests */ = {
			isa = PBXGroup;
			children = (
				907B7A8B1A21F04F00E0845A /* KrakSpotAppTests.m */,
				907B7A891A21F04F00E0845A /* Supporting Files */,
			);
			path = KrakSpotAppTests;
			sourceTree = "<group>";
		};
		907B7A891A21F04F00E0845A /* Supporting Files */ = {
			isa = PBXGroup;
			children = (
				907B7A8A1A21F04F00E0845A /* Info.plist */,
			);
			name = "Supporting Files";
			sourceTree = "<group>";
		};
		907B7A981A21F9C500E0845A /* Code */ = {
			isa = PBXGroup;
			children = (
				907B7A731A21F04F00E0845A /* AppDelegate.h */,
				907B7A741A21F04F00E0845A /* AppDelegate.m */,
				907B7A7E1A21F04F00E0845A /* LaunchScreen.xib */,
				907B7A791A21F04F00E0845A /* Main.storyboard */,
				9034EBF51A28C444006A429C /* Controllers */,
				907B7A991A21F9CA00E0845A /* Utils */,
			);
			name = Code;
			sourceTree = "<group>";
		};
		907B7A991A21F9CA00E0845A /* Utils */ = {
			isa = PBXGroup;
			children = (
				907B7A951A21F9BF00E0845A /* PRSStyleSheet.h */,
				907B7A961A21F9BF00E0845A /* PRSStyleSheet.m */,
				903B58ED1A2C73D200927386 /* PMKDataWriterReader.h */,
				903B58EE1A2C73D200927386 /* PMKDataWriterReader.m */,
				900272EC1A2CA297006B093A /* PMKAppSettings.h */,
				900272ED1A2CA297006B093A /* PMKAppSettings.m */,
			);
			name = Utils;
			sourceTree = "<group>";
		};
/* End PBXGroup section */

/* Begin PBXNativeTarget section */
		907B7A6B1A21F04E00E0845A /* KrakSpotApp */ = {
			isa = PBXNativeTarget;
			buildConfigurationList = 907B7A8F1A21F04F00E0845A /* Build configuration list for PBXNativeTarget "KrakSpotApp" */;
			buildPhases = (
				907B7A681A21F04E00E0845A /* Sources */,
				907B7A691A21F04E00E0845A /* Frameworks */,
				907B7A6A1A21F04E00E0845A /* Resources */,
			);
			buildRules = (
			);
			dependencies = (
			);
			name = KrakSpotApp;
			productName = KrakSpotApp;
			productReference = 907B7A6C1A21F04E00E0845A /* KrakSpotApp.app */;
			productType = "com.apple.product-type.application";
		};
		907B7A841A21F04F00E0845A /* KrakSpotAppTests */ = {
			isa = PBXNativeTarget;
			buildConfigurationList = 907B7A921A21F04F00E0845A /* Build configuration list for PBXNativeTarget "KrakSpotAppTests" */;
			buildPhases = (
				907B7A811A21F04F00E0845A /* Sources */,
				907B7A821A21F04F00E0845A /* Frameworks */,
				907B7A831A21F04F00E0845A /* Resources */,
			);
			buildRules = (
			);
			dependencies = (
				907B7A871A21F04F00E0845A /* PBXTargetDependency */,
			);
			name = KrakSpotAppTests;
			productName = KrakSpotAppTests;
			productReference = 907B7A851A21F04F00E0845A /* KrakSpotAppTests.xctest */;
			productType = "com.apple.product-type.bundle.unit-test";
		};
/* End PBXNativeTarget section */

/* Begin PBXProject section */
		907B7A641A21F04E00E0845A /* Project object */ = {
			isa = PBXProject;
			attributes = {
				LastUpgradeCheck = 0610;
				ORGANIZATIONNAME = Prismake;
				TargetAttributes = {
					907B7A6B1A21F04E00E0845A = {
						CreatedOnToolsVersion = 6.1;
						DevelopmentTeam = A7B6W92B4H;
					};
					907B7A841A21F04F00E0845A = {
						CreatedOnToolsVersion = 6.1;
						TestTargetID = 907B7A6B1A21F04E00E0845A;
					};
				};
			};
			buildConfigurationList = 907B7A671A21F04E00E0845A /* Build configuration list for PBXProject "KrakSpotApp" */;
			compatibilityVersion = "Xcode 3.2";
			developmentRegion = English;
			hasScannedForEncodings = 0;
			knownRegions = (
				en,
				Base,
			);
			mainGroup = 907B7A631A21F04E00E0845A;
			productRefGroup = 907B7A6D1A21F04E00E0845A /* Products */;
			projectDirPath = "";
			projectRoot = "";
			targets = (
				907B7A6B1A21F04E00E0845A /* KrakSpotApp */,
				907B7A841A21F04F00E0845A /* KrakSpotAppTests */,
			);
		};
/* End PBXProject section */

/* Begin PBXResourcesBuildPhase section */
		907B7A6A1A21F04E00E0845A /* Resources */ = {
			isa = PBXResourcesBuildPhase;
			buildActionMask = 2147483647;
			files = (
				907B7A7B1A21F04F00E0845A /* Main.storyboard in Resources */,
				9034EBEE1A28BF1B006A429C /* twarz_3@2x.png in Resources */,
				9034EBED1A28BF1B006A429C /* twarz_2@2x.png in Resources */,
				9034EBFC1A28C7D2006A429C /* Lato-Light.ttf in Resources */,
				907B7A801A21F04F00E0845A /* LaunchScreen.xib in Resources */,
				907B7A7D1A21F04F00E0845A /* Images.xcassets in Resources */,
				9034EBF71A28C58B006A429C /* reload3@2x.png in Resources */,
				9034EBEC1A28BF1B006A429C /* twarz_1@2x.png in Resources */,
				9034EBEF1A28BF1B006A429C /* twarz_4@2x.png in Resources */,
			);
			runOnlyForDeploymentPostprocessing = 0;
		};
		907B7A831A21F04F00E0845A /* Resources */ = {
			isa = PBXResourcesBuildPhase;
			buildActionMask = 2147483647;
			files = (
			);
			runOnlyForDeploymentPostprocessing = 0;
		};
/* End PBXResourcesBuildPhase section */

/* Begin PBXSourcesBuildPhase section */
		907B7A681A21F04E00E0845A /* Sources */ = {
			isa = PBXSourcesBuildPhase;
			buildActionMask = 2147483647;
			files = (
				900272EE1A2CA297006B093A /* PMKAppSettings.m in Sources */,
				9034EBF41A28C440006A429C /* PMKThanksViewController.m in Sources */,
				907B7A781A21F04F00E0845A /* PRSRateViewController.m in Sources */,
				903B58EF1A2C73D200927386 /* PMKDataWriterReader.m in Sources */,
				907B7A971A21F9BF00E0845A /* PRSStyleSheet.m in Sources */,
				907B7A751A21F04F00E0845A /* AppDelegate.m in Sources */,
				903B58EC1A2C70BD00927386 /* PMKDataPreviewViewController.m in Sources */,
				9034EBFA1A28C60B006A429C /* PMKAwaitingStuffViewController.m in Sources */,
				907B7A721A21F04F00E0845A /* main.m in Sources */,
			);
			runOnlyForDeploymentPostprocessing = 0;
		};
		907B7A811A21F04F00E0845A /* Sources */ = {
			isa = PBXSourcesBuildPhase;
			buildActionMask = 2147483647;
			files = (
				907B7A8C1A21F04F00E0845A /* KrakSpotAppTests.m in Sources */,
			);
			runOnlyForDeploymentPostprocessing = 0;
		};
/* End PBXSourcesBuildPhase section */

/* Begin PBXTargetDependency section */
		907B7A871A21F04F00E0845A /* PBXTargetDependency */ = {
			isa = PBXTargetDependency;
			target = 907B7A6B1A21F04E00E0845A /* KrakSpotApp */;
			targetProxy = 907B7A861A21F04F00E0845A /* PBXContainerItemProxy */;
		};
/* End PBXTargetDependency section */

/* Begin PBXVariantGroup section */
		907B7A791A21F04F00E0845A /* Main.storyboard */ = {
			isa = PBXVariantGroup;
			children = (
				907B7A7A1A21F04F00E0845A /* Base */,
			);
			name = Main.storyboard;
			sourceTree = "<group>";
		};
		907B7A7E1A21F04F00E0845A /* LaunchScreen.xib */ = {
			isa = PBXVariantGroup;
			children = (
				907B7A7F1A21F04F00E0845A /* Base */,
			);
			name = LaunchScreen.xib;
			sourceTree = "<group>";
		};
/* End PBXVariantGroup section */

/* Begin XCBuildConfiguration section */
		907B7A8D1A21F04F00E0845A /* Debug */ = {
			isa = XCBuildConfiguration;
			buildSettings = {
				ALWAYS_SEARCH_USER_PATHS = NO;
				CLANG_CXX_LANGUAGE_STANDARD = "gnu++0x";
				CLANG_CXX_LIBRARY = "libc++";
				CLANG_ENABLE_MODULES = YES;
				CLANG_ENABLE_OBJC_ARC = YES;
				CLANG_WARN_BOOL_CONVERSION = YES;
				CLANG_WARN_CONSTANT_CONVERSION = YES;
				CLANG_WARN_DIRECT_OBJC_ISA_USAGE = YES_ERROR;
				CLANG_WARN_EMPTY_BODY = YES;
				CLANG_WARN_ENUM_CONVERSION = YES;
				CLANG_WARN_INT_CONVERSION = YES;
				CLANG_WARN_OBJC_ROOT_CLASS = YES_ERROR;
				CLANG_WARN_UNREACHABLE_CODE = YES;
				CLANG_WARN__DUPLICATE_METHOD_MATCH = YES;
				CODE_SIGN_IDENTITY = "iPhone Developer";
				"CODE_SIGN_IDENTITY[sdk=iphoneos*]" = "iPhone Developer";
				COPY_PHASE_STRIP = NO;
				ENABLE_STRICT_OBJC_MSGSEND = YES;
				GCC_C_LANGUAGE_STANDARD = gnu99;
				GCC_DYNAMIC_NO_PIC = NO;
				GCC_OPTIMIZATION_LEVEL = 0;
				GCC_PREPROCESSOR_DEFINITIONS = (
					"DEBUG=1",
					"$(inherited)",
				);
				GCC_SYMBOLS_PRIVATE_EXTERN = NO;
				GCC_WARN_64_TO_32_BIT_CONVERSION = YES;
				GCC_WARN_ABOUT_RETURN_TYPE = YES_ERROR;
				GCC_WARN_UNDECLARED_SELECTOR = YES;
				GCC_WARN_UNINITIALIZED_AUTOS = YES_AGGRESSIVE;
				GCC_WARN_UNUSED_FUNCTION = YES;
				GCC_WARN_UNUSED_VARIABLE = YES;
				IPHONEOS_DEPLOYMENT_TARGET = 8.1;
				MTL_ENABLE_DEBUG_INFO = YES;
				ONLY_ACTIVE_ARCH = YES;
				SDKROOT = iphoneos;
				TARGETED_DEVICE_FAMILY = 2;
			};
			name = Debug;
		};
		907B7A8E1A21F04F00E0845A /* Release */ = {
			isa = XCBuildConfiguration;
			buildSettings = {
				ALWAYS_SEARCH_USER_PATHS = NO;
				CLANG_CXX_LANGUAGE_STANDARD = "gnu++0x";
				CLANG_CXX_LIBRARY = "libc++";
				CLANG_ENABLE_MODULES = YES;
				CLANG_ENABLE_OBJC_ARC = YES;
				CLANG_WARN_BOOL_CONVERSION = YES;
				CLANG_WARN_CONSTANT_CONVERSION = YES;
				CLANG_WARN_DIRECT_OBJC_ISA_USAGE = YES_ERROR;
				CLANG_WARN_EMPTY_BODY = YES;
				CLANG_WARN_ENUM_CONVERSION = YES;
				CLANG_WARN_INT_CONVERSION = YES;
				CLANG_WARN_OBJC_ROOT_CLASS = YES_ERROR;
				CLANG_WARN_UNREACHABLE_CODE = YES;
				CLANG_WARN__DUPLICATE_METHOD_MATCH = YES;
				CODE_SIGN_IDENTITY = "iPhone Distribution";
				"CODE_SIGN_IDENTITY[sdk=iphoneos*]" = "iPhone Distribution";
				COPY_PHASE_STRIP = YES;
				ENABLE_NS_ASSERTIONS = NO;
				ENABLE_STRICT_OBJC_MSGSEND = YES;
				GCC_C_LANGUAGE_STANDARD = gnu99;
				GCC_WARN_64_TO_32_BIT_CONVERSION = YES;
				GCC_WARN_ABOUT_RETURN_TYPE = YES_ERROR;
				GCC_WARN_UNDECLARED_SELECTOR = YES;
				GCC_WARN_UNINITIALIZED_AUTOS = YES_AGGRESSIVE;
				GCC_WARN_UNUSED_FUNCTION = YES;
				GCC_WARN_UNUSED_VARIABLE = YES;
				IPHONEOS_DEPLOYMENT_TARGET = 8.1;
				MTL_ENABLE_DEBUG_INFO = NO;
				SDKROOT = iphoneos;
				TARGETED_DEVICE_FAMILY = 2;
				VALIDATE_PRODUCT = YES;
			};
			name = Release;
		};
		907B7A901A21F04F00E0845A /* Debug */ = {
			isa = XCBuildConfiguration;
			buildSettings = {
				ASSETCATALOG_COMPILER_APPICON_NAME = AppIcon;
				CODE_SIGN_IDENTITY = "iPhone Developer";
				"CODE_SIGN_IDENTITY[sdk=iphoneos*]" = "iPhone Developer";
				INFOPLIST_FILE = KrakSpotApp/Info.plist;
				LD_RUNPATH_SEARCH_PATHS = "$(inherited) @executable_path/Frameworks";
				PRODUCT_NAME = "$(TARGET_NAME)";
				PROVISIONING_PROFILE = "";
			};
			name = Debug;
		};
		907B7A911A21F04F00E0845A /* Release */ = {
			isa = XCBuildConfiguration;
			buildSettings = {
				ASSETCATALOG_COMPILER_APPICON_NAME = AppIcon;
				CODE_SIGN_IDENTITY = "iPhone Developer";
				"CODE_SIGN_IDENTITY[sdk=iphoneos*]" = "iPhone Developer";
				INFOPLIST_FILE = KrakSpotApp/Info.plist;
				LD_RUNPATH_SEARCH_PATHS = "$(inherited) @executable_path/Frameworks";
				PRODUCT_NAME = "$(TARGET_NAME)";
				PROVISIONING_PROFILE = "";
			};
			name = Release;
		};
		907B7A931A21F04F00E0845A /* Debug */ = {
			isa = XCBuildConfiguration;
			buildSettings = {
				BUNDLE_LOADER = "$(TEST_HOST)";
				FRAMEWORK_SEARCH_PATHS = (
					"$(SDKROOT)/Developer/Library/Frameworks",
					"$(inherited)",
				);
				GCC_PREPROCESSOR_DEFINITIONS = (
					"DEBUG=1",
					"$(inherited)",
				);
				INFOPLIST_FILE = KrakSpotAppTests/Info.plist;
				LD_RUNPATH_SEARCH_PATHS = "$(inherited) @executable_path/Frameworks @loader_path/Frameworks";
				PRODUCT_NAME = "$(TARGET_NAME)";
				TEST_HOST = "$(BUILT_PRODUCTS_DIR)/KrakSpotApp.app/KrakSpotApp";
			};
			name = Debug;
		};
		907B7A941A21F04F00E0845A /* Release */ = {
			isa = XCBuildConfiguration;
			buildSettings = {
				BUNDLE_LOADER = "$(TEST_HOST)";
				FRAMEWORK_SEARCH_PATHS = (
					"$(SDKROOT)/Developer/Library/Frameworks",
					"$(inherited)",
				);
				INFOPLIST_FILE = KrakSpotAppTests/Info.plist;
				LD_RUNPATH_SEARCH_PATHS = "$(inherited) @executable_path/Frameworks @loader_path/Frameworks";
				PRODUCT_NAME = "$(TARGET_NAME)";
				TEST_HOST = "$(BUILT_PRODUCTS_DIR)/KrakSpotApp.app/KrakSpotApp";
			};
			name = Release;
		};
/* End XCBuildConfiguration section */

/* Begin XCConfigurationList section */
		907B7A671A21F04E00E0845A /* Build configuration list for PBXProject "KrakSpotApp" */ = {
			isa = XCConfigurationList;
			buildConfigurations = (
				907B7A8D1A21F04F00E0845A /* Debug */,
				907B7A8E1A21F04F00E0845A /* Release */,
			);
			defaultConfigurationIsVisible = 0;
			defaultConfigurationName = Release;
		};
		907B7A8F1A21F04F00E0845A /* Build configuration list for PBXNativeTarget "KrakSpotApp" */ = {
			isa = XCConfigurationList;
			buildConfigurations = (
				907B7A901A21F04F00E0845A /* Debug */,
				907B7A911A21F04F00E0845A /* Release */,
			);
			defaultConfigurationIsVisible = 0;
			defaultConfigurationName = Release;
		};
		907B7A921A21F04F00E0845A /* Build configuration list for PBXNativeTarget "KrakSpotAppTests" */ = {
			isa = XCConfigurationList;
			buildConfigurations = (
				907B7A931A21F04F00E0845A /* Debug */,
				907B7A941A21F04F00E0845A /* Release */,
			);
			defaultConfigurationIsVisible = 0;
			defaultConfigurationName = Release;
		};
/* End XCConfigurationList section */
	};
	rootObject = 907B7A641A21F04E00E0845A /* Project object */;
}
